{
  "version": 4,
  "terraform_version": "1.2.9",
  "serial": 1,
  "lineage": "65d798bb-28b3-e2d8-894d-e76c7c73de87",
  "outputs": {},
  "resources": [
    {
      "mode": "data",
      "type": "digitalocean_ssh_key",
      "name": "default",
      "provider": "provider[\"registry.terraform.io/digitalocean/digitalocean\"]",
      "instances": [
        {
          "schema_version": 0,
          "attributes": {
            "fingerprint": "3a:50:ef:a5:48:eb:35:12:98:c1:22:a4:1d:48:47:24",
            "id": 36154315,
            "name": "default",
            "public_key": "ssh-rsa AAAAB3NzaC1yc2EAAAADAQABAAABAQCcgrcUsZicwMh9vh/tAeK8H2xAhSmxsIEJlgoXa4+w3D60XRajXh0ETXv+UAxhN+x1WJjT1P/nV0ykpbTCOD16w41v/iMgyqDSw/jZM0wOutL+MqYFwYW852iy2VgvQOoMarqqGbwbCNDKrYNKKu2tA8+uhvzXlE+Mmt9YDxxTsoIjCIMnJnTLytG3AY3moCxJUzc083dNxCgy/SVLTn5lEV645TihNky5K92EXcp+1UPhvrlYsrKLUV0w1U6XmtLsC6Iwc2PXuASTkb5XNKNoQUtUg0fj3FIx6xUdpdpz4I3YzvPEuLlSl5kb1FX360AFEcRILpUjuCi1NZd/0ptl Vasily Liaskovsky@Oliver"
          },
          "sensitive_attributes": []
        }
      ]
    },
    {
      "mode": "managed",
      "type": "digitalocean_droplet",
      "name": "vm-1",
      "provider": "provider[\"registry.terraform.io/digitalocean/digitalocean\"]",
      "instances": [
        {
          "schema_version": 1,
          "attributes": {
            "backups": false,
            "created_at": "2022-09-10T10:37:24Z",
            "disk": 25,
            "droplet_agent": null,
            "graceful_shutdown": false,
            "id": "316103522",
            "image": "ubuntu-20-04-x64",
            "ipv4_address": "178.128.44.62",
            "ipv4_address_private": "10.106.0.2",
            "ipv6": false,
            "ipv6_address": "",
            "locked": false,
            "memory": 1024,
            "monitoring": false,
            "name": "vm-1",
            "price_hourly": 0.00893,
            "price_monthly": 6,
            "private_networking": true,
            "region": "lon1",
            "resize_disk": true,
            "size": "s-1vcpu-1gb",
            "ssh_keys": [
              "36154315"
            ],
            "status": "active",
            "tags": null,
            "timeouts": null,
            "urn": "do:droplet:316103522",
            "user_data": null,
            "vcpus": 1,
            "volume_ids": [],
            "vpc_uuid": "13279aab-7a27-4322-9ce8-a837f00aa4fe"
          },
          "sensitive_attributes": [],
          "private": "eyJlMmJmYjczMC1lY2FhLTExZTYtOGY4OC0zNDM2M2JjN2M0YzAiOnsiY3JlYXRlIjozNjAwMDAwMDAwMDAwLCJkZWxldGUiOjYwMDAwMDAwMDAwLCJ1cGRhdGUiOjM2MDAwMDAwMDAwMDB9LCJzY2hlbWFfdmVyc2lvbiI6IjEifQ==",
          "dependencies": [
            "data.digitalocean_ssh_key.default"
          ]
        }
      ]
    }
  ]
}
